
Microsoft Visual Studio Solution File, Format Version 12.00
# Visual Studio Version 16
VisualStudioVersion = 16.0.29306.81
MinimumVisualStudioVersion = 10.0.40219.1
Project("{FAE04EC0-301F-11D3-BF4B-00C04F79EFBC}") = "previa proyecto", "previa proyecto\previa proyecto.csproj", "{26BC4840-38F7-4BA6-8305-648A8793A9C4}"
EndProject
Global
	GlobalSection(SolutionConfigurationPlatforms) = preSolution
		Debug|Any CPU = Debug|Any CPU
		Release|Any CPU = Release|Any CPU
	EndGlobalSection
	GlobalSection(ProjectConfigurationPlatforms) = postSolution
		{26BC4840-38F7-4BA6-8305-648A8793A9C4}.Debug|Any CPU.ActiveCfg = Debug|Any CPU
		{26BC4840-38F7-4BA6-8305-648A8793A9C4}.Debug|Any CPU.Build.0 = Debug|Any CPU
		{26BC4840-38F7-4BA6-8305-648A8793A9C4}.Release|Any CPU.ActiveCfg = Release|Any CPU
		{26BC4840-38F7-4BA6-8305-648A8793A9C4}.Release|Any CPU.Build.0 = Release|Any CPU
	EndGlobalSection
	GlobalSection(SolutionProperties) = preSolution
		HideSolutionNode = FALSE
	EndGlobalSection
	GlobalSection(ExtensibilityGlobals) = postSolution
		SolutionGuid = {19800C4C-63D8-46B0-AA7B-6A86684451EC}
	EndGlobalSection
EndGlobal
